
Microsoft Visual Studio Solution File, Format Version 12.00
# Visual Studio Version 16
VisualStudioVersion = 16.0.30621.155
MinimumVisualStudioVersion = 10.0.40219.1
Project("{FAE04EC0-301F-11D3-BF4B-00C04F79EFBC}") = "CustomLIstProj", "CustomLIstProj\CustomLIstProj.csproj", "{2E562CA7-66B1-418C-983D-BC528920F44D}"
EndProject
Global
	GlobalSection(SolutionConfigurationPlatforms) = preSolution
		Debug|Any CPU = Debug|Any CPU
		Release|Any CPU = Release|Any CPU
	EndGlobalSection
	GlobalSection(ProjectConfigurationPlatforms) = postSolution
		{2E562CA7-66B1-418C-983D-BC528920F44D}.Debug|Any CPU.ActiveCfg = Debug|Any CPU
		{2E562CA7-66B1-418C-983D-BC528920F44D}.Debug|Any CPU.Build.0 = Debug|Any CPU
		{2E562CA7-66B1-418C-983D-BC528920F44D}.Release|Any CPU.ActiveCfg = Release|Any CPU
		{2E562CA7-66B1-418C-983D-BC528920F44D}.Release|Any CPU.Build.0 = Release|Any CPU
	EndGlobalSection
	GlobalSection(SolutionProperties) = preSolution
		HideSolutionNode = FALSE
	EndGlobalSection
	GlobalSection(ExtensibilityGlobals) = postSolution
		SolutionGuid = {AF8409CA-685F-479C-B242-FDFCCE6FFBDA}
	EndGlobalSection
EndGlobal
